// !$*UTF8*$!
{
	archiveVersion = 1;
	classes = {
	};
	objectVersion = 77;
	objects = {

/* Begin PBXBuildFile section */
		3A1F00010000000000000022 /* Factory in Frameworks */ = {isa = PBXBuildFile; productRef = 3A1F00010000000000000021 /* Factory */; };
		3A1F00010000000000000057 /* Factory in Frameworks */ = {isa = PBXBuildFile; productRef = 3A1F00010000000000000059 /* Factory */; };
		5F02775F2FE3EC5A00CFAE5F /* FacebookCore in Frameworks */ = {isa = PBXBuildFile; productRef = 5F02775E2FE3EC5A00CFAE5F /* FacebookCore */; };
		5F02779F2FE3EF0000CFAE5F /* ads-swift in Frameworks */ = {isa = PBXBuildFile; productRef = 5F02779E2FE3EF0000CFAE5F /* ads-swift */; };
		5F0277A12FE3EF0500CFAE5F /* FirebaseAnalytics in Frameworks */ = {isa = PBXBuildFile; productRef = 5F0277A02FE3EF0500CFAE5F /* FirebaseAnalytics */; };
		5F0277A32FE3EF0E00CFAE5F /* FirebaseCrashlytics in Frameworks */ = {isa = PBXBuildFile; productRef = 5F0277A22FE3EF0E00CFAE5F /* FirebaseCrashlytics */; };
		5F0277A52FE3EF1C00CFAE5F /* FirebaseRemoteConfig in Frameworks */ = {isa = PBXBuildFile; productRef = 5F0277A42FE3EF1C00CFAE5F /* FirebaseRemoteConfig */; };
		5F0277A72FE3EF3700CFAE5F /* ads-swift in Frameworks */ = {isa = PBXBuildFile; productRef = 5F0277A62FE3EF3700CFAE5F /* ads-swift */; };
		5F0277A92FE3EF3C00CFAE5F /* FacebookCore in Frameworks */ = {isa = PBXBuildFile; productRef = 5F0277A82FE3EF3C00CFAE5F /* FacebookCore */; };
		5F0277AB2FE3EF4200CFAE5F /* FirebaseAnalytics in Frameworks */ = {isa = PBXBuildFile; productRef = 5F0277AA2FE3EF4200CFAE5F /* FirebaseAnalytics */; };
		5F0277AD2FE3EF6E00CFAE5F /* FirebaseCrashlytics in Frameworks */ = {isa = PBXBuildFile; productRef = 5F0277AC2FE3EF6E00CFAE5F /* FirebaseCrashlytics */; };
		5F0277AF2FE3EF7300CFAE5F /* FirebaseRemoteConfig in Frameworks */ = {isa = PBXBuildFile; productRef = 5F0277AE2FE3EF7300CFAE5F /* FirebaseRemoteConfig */; };
		5F0277B12FE3EFC200CFAE5F /* FirebaseCore in Frameworks */ = {isa = PBXBuildFile; productRef = 5F0277B02FE3EFC200CFAE5F /* FirebaseCore */; };
		5F0277B32FE3EFCF00CFAE5F /* FirebaseCore in Frameworks */ = {isa = PBXBuildFile; productRef = 5F0277B22FE3EFCF00CFAE5F /* FirebaseCore */; };
		5F0277B62FE3F03A00CFAE5F /* AdjustSdk in Frameworks */ = {isa = PBXBuildFile; productRef = 5F0277B52FE3F03A00CFAE5F /* AdjustSdk */; };
		5F0277B82FE3F05100CFAE5F /* AdjustSdk in Frameworks */ = {isa = PBXBuildFile; productRef = 5F0277B72FE3F05100CFAE5F /* AdjustSdk */; };
/* End PBXBuildFile section */

/* Begin PBXFileReference section */
		3A1F00010000000000000001 /* SwiftBase.app */ = {isa = PBXFileReference; explicitFileType = wrapper.application; includeInIndex = 0; path = SwiftBase.app; sourceTree = BUILT_PRODUCTS_DIR; };
		3A1F00010000000000000002 /* SwiftBase-dev.app */ = {isa = PBXFileReference; explicitFileType = wrapper.application; includeInIndex = 0; path = "SwiftBase-dev.app"; sourceTree = BUILT_PRODUCTS_DIR; };
/* End PBXFileReference section */

/* Begin PBXFileSystemSynchronizedBuildFileExceptionSet section */
		3A1F00010000000000000060 /* Exceptions for "SwiftBase" folder in "SwiftBase" target */ = {
			isa = PBXFileSystemSynchronizedBuildFileExceptionSet;
			membershipExceptions = (
				"Resources/GoogleService-Info-dev.plist",
				Resources/Info.plist,
			);
			target = 3A1F00010000000000000008 /* SwiftBase */;
		};
		3A1F00010000000000000061 /* Exceptions for "SwiftBase" folder in "SwiftBase-dev" target */ = {
			isa = PBXFileSystemSynchronizedBuildFileExceptionSet;
			membershipExceptions = (
				"Resources/GoogleService-Info.plist",
				Resources/Info.plist,
			);
			target = 3A1F00010000000000000050 /* SwiftBase-dev */;
		};
/* End PBXFileSystemSynchronizedBuildFileExceptionSet section */

/* Begin PBXFileSystemSynchronizedRootGroup section */
		5F246F362FE3A1E300F2A107 /* SwiftBase */ = {
			isa = PBXFileSystemSynchronizedRootGroup;
			exceptions = (
				3A1F00010000000000000060 /* Exceptions for "SwiftBase" folder in "SwiftBase" target */,
				3A1F00010000000000000061 /* Exceptions for "SwiftBase" folder in "SwiftBase-dev" target */,
			);
			path = SwiftBase;
			sourceTree = "<group>";
		};
/* End PBXFileSystemSynchronizedRootGroup section */

/* Begin PBXFrameworksBuildPhase section */
		3A1F00010000000000000005 /* Frameworks */ = {
			isa = PBXFrameworksBuildPhase;
			buildActionMask = 2147483647;
			files = (
				3A1F00010000000000000022 /* Factory in Frameworks */,
				5F02775F2FE3EC5A00CFAE5F /* FacebookCore in Frameworks */,
				5F0277A32FE3EF0E00CFAE5F /* FirebaseCrashlytics in Frameworks */,
				5F0277A52FE3EF1C00CFAE5F /* FirebaseRemoteConfig in Frameworks */,
				5F0277B32FE3EFCF00CFAE5F /* FirebaseCore in Frameworks */,
				5F0277A12FE3EF0500CFAE5F /* FirebaseAnalytics in Frameworks */,
				5F0277B62FE3F03A00CFAE5F /* AdjustSdk in Frameworks */,
				5F02779F2FE3EF0000CFAE5F /* ads-swift in Frameworks */,
			);
			runOnlyForDeploymentPostprocessing = 0;
		};
		3A1F00010000000000000055 /* Frameworks */ = {
			isa = PBXFrameworksBuildPhase;
			buildActionMask = 2147483647;
			files = (
				3A1F00010000000000000057 /* Factory in Frameworks */,
				5F0277A92FE3EF3C00CFAE5F /* FacebookCore in Frameworks */,
				5F0277AD2FE3EF6E00CFAE5F /* FirebaseCrashlytics in Frameworks */,
				5F0277AF2FE3EF7300CFAE5F /* FirebaseRemoteConfig in Frameworks */,
				5F0277B12FE3EFC200CFAE5F /* FirebaseCore in Frameworks */,
				5F0277AB2FE3EF4200CFAE5F /* FirebaseAnalytics in Frameworks */,
				5F0277B82FE3F05100CFAE5F /* AdjustSdk in Frameworks */,
				5F0277A72FE3EF3700CFAE5F /* ads-swift in Frameworks */,
			);
			runOnlyForDeploymentPostprocessing = 0;
		};
/* End PBXFrameworksBuildPhase section */

/* Begin PBXGroup section */
		3A1F00010000000000000006 = {
			isa = PBXGroup;
			children = (
				5F246F362FE3A1E300F2A107 /* SwiftBase */,
				5F02779D2FE3EF0000CFAE5F /* Frameworks */,
				3A1F00010000000000000007 /* Products */,
			);
			sourceTree = "<group>";
		};
		3A1F00010000000000000007 /* Products */ = {
			isa = PBXGroup;
			children = (
				3A1F00010000000000000001 /* SwiftBase.app */,
				3A1F00010000000000000002 /* SwiftBase-dev.app */,
			);
			name = Products;
			sourceTree = "<group>";
		};
		5F02779D2FE3EF0000CFAE5F /* Frameworks */ = {
			isa = PBXGroup;
			children = (
			);
			name = Frameworks;
			sourceTree = "<group>";
		};
/* End PBXGroup section */

/* Begin PBXNativeTarget section */
		3A1F00010000000000000008 /* SwiftBase */ = {
			isa = PBXNativeTarget;
			buildConfigurationList = 3A1F00010000000000000009 /* Build configuration list for PBXNativeTarget "SwiftBase" */;
			buildPhases = (
				3A1F0001000000000000000A /* Sources */,
				3A1F00010000000000000005 /* Frameworks */,
				3A1F0001000000000000000B /* Resources */,
				5FB8733D2FE3F9B50084F7DE /* Firebase Crashlytics */,
			);
			buildRules = (
			);
			dependencies = (
			);
			fileSystemSynchronizedGroups = (
				5F246F362FE3A1E300F2A107 /* SwiftBase */,
			);
			name = SwiftBase;
			packageProductDependencies = (
				3A1F00010000000000000021 /* Factory */,
				5F02775E2FE3EC5A00CFAE5F /* FacebookCore */,
				5F02779E2FE3EF0000CFAE5F /* ads-swift */,
				5F0277A02FE3EF0500CFAE5F /* FirebaseAnalytics */,
				5F0277A22FE3EF0E00CFAE5F /* FirebaseCrashlytics */,
				5F0277A42FE3EF1C00CFAE5F /* FirebaseRemoteConfig */,
				5F0277B22FE3EFCF00CFAE5F /* FirebaseCore */,
				5F0277B52FE3F03A00CFAE5F /* AdjustSdk */,
			);
			productName = SwiftBase;
			productReference = 3A1F00010000000000000001 /* SwiftBase.app */;
			productType = "com.apple.product-type.application";
		};
		3A1F00010000000000000050 /* SwiftBase-dev */ = {
			isa = PBXNativeTarget;
			buildConfigurationList = 3A1F00010000000000000051 /* Build configuration list for PBXNativeTarget "SwiftBase-dev" */;
			buildPhases = (
				3A1F00010000000000000054 /* Sources */,
				3A1F00010000000000000055 /* Frameworks */,
				3A1F00010000000000000056 /* Resources */,
			);
			buildRules = (
			);
			dependencies = (
			);
			fileSystemSynchronizedGroups = (
				5F246F362FE3A1E300F2A107 /* SwiftBase */,
			);
			name = "SwiftBase-dev";
			packageProductDependencies = (
				3A1F00010000000000000059 /* Factory */,
				5F0277A62FE3EF3700CFAE5F /* ads-swift */,
				5F0277A82FE3EF3C00CFAE5F /* FacebookCore */,
				5F0277AA2FE3EF4200CFAE5F /* FirebaseAnalytics */,
				5F0277AC2FE3EF6E00CFAE5F /* FirebaseCrashlytics */,
				5F0277AE2FE3EF7300CFAE5F /* FirebaseRemoteConfig */,
				5F0277B02FE3EFC200CFAE5F /* FirebaseCore */,
				5F0277B72FE3F05100CFAE5F /* AdjustSdk */,
			);
			productName = "SwiftBase-dev";
			productReference = 3A1F00010000000000000002 /* SwiftBase-dev.app */;
			productType = "com.apple.product-type.application";
		};
/* End PBXNativeTarget section */

/* Begin PBXProject section */
		3A1F0001000000000000000C /* Project object */ = {
			isa = PBXProject;
			attributes = {
				BuildIndependentTargetsInParallel = 1;
				LastSwiftUpdateCheck = 1600;
				LastUpgradeCheck = 1600;
				TargetAttributes = {
					3A1F00010000000000000008 = {
						CreatedOnToolsVersion = 16.0;
					};
					3A1F00010000000000000050 = {
						CreatedOnToolsVersion = 16.0;
					};
				};
			};
			buildConfigurationList = 3A1F0001000000000000000D /* Build configuration list for PBXProject "SwiftBase" */;
			developmentRegion = en;
			hasScannedForEncodings = 0;
			knownRegions = (
				en,
				Base,
				vi,
				es,
				fr,
				de,
				ja,
			);
			mainGroup = 3A1F00010000000000000006;
			minimizedProjectReferenceProxies = 1;
			packageReferences = (
				3A1F00010000000000000020 /* XCRemoteSwiftPackageReference "Factory" */,
				5F02775D2FE3EC5A00CFAE5F /* XCRemoteSwiftPackageReference "facebook-ios-sdk" */,
				5F0277602FE3EC9900CFAE5F /* XCRemoteSwiftPackageReference "ads-swift" */,
				5F02779C2FE3EE3100CFAE5F /* XCRemoteSwiftPackageReference "firebase-ios-sdk" */,
				5F0277B42FE3F03A00CFAE5F /* XCRemoteSwiftPackageReference "ios_sdk" */,
			);
			preferredProjectObjectVersion = 77;
			productRefGroup = 3A1F00010000000000000007 /* Products */;
			projectDirPath = "";
			projectRoot = "";
			targets = (
				3A1F00010000000000000008 /* SwiftBase */,
				3A1F00010000000000000050 /* SwiftBase-dev */,
			);
		};
/* End PBXProject section */

/* Begin PBXResourcesBuildPhase section */
		3A1F0001000000000000000B /* Resources */ = {
			isa = PBXResourcesBuildPhase;
			buildActionMask = 2147483647;
			files = (
			);
			runOnlyForDeploymentPostprocessing = 0;
		};
		3A1F00010000000000000056 /* Resources */ = {
			isa = PBXResourcesBuildPhase;
			buildActionMask = 2147483647;
			files = (
			);
			runOnlyForDeploymentPostprocessing = 0;
		};
/* End PBXResourcesBuildPhase section */

/* Begin PBXShellScriptBuildPhase section */
		5FB8733D2FE3F9B50084F7DE /* Firebase Crashlytics */ = {
			isa = PBXShellScriptBuildPhase;
			alwaysOutOfDate = 1;
			buildActionMask = 2147483647;
			files = (
			);
			inputFileListPaths = (
			);
			inputPaths = (
			);
			name = "Firebase Crashlytics";
			outputFileListPaths = (
			);
			outputPaths = (
			);
			runOnlyForDeploymentPostprocessing = 0;
			shellPath = /bin/sh;
			shellScript = "UPLOAD_SYMBOLS_SCRIPT=\"${BUILD_DIR%/Build/*}/SourcePackages/checkouts/firebase-ios-sdk/Crashlytics/run\"\n\nGOOGLE_PLIST=\"${PROJECT_DIR}/SwiftBase/Resources/GoogleService-Info.plist\"\n\necho \"📍 upload-symbols script: $UPLOAD_SYMBOLS_SCRIPT\"\necho \"📍 GoogleService-Info.plist: $GOOGLE_PLIST\"\n\n\"$UPLOAD_SYMBOLS_SCRIPT\" \\\n  -gsp \"$GOOGLE_PLIST\"\n\necho \"✅ [Crashlytics] Finished uploading dSYM\"\n";
		};
/* End PBXShellScriptBuildPhase section */

/* Begin PBXSourcesBuildPhase section */
		3A1F0001000000000000000A /* Sources */ = {
			isa = PBXSourcesBuildPhase;
			buildActionMask = 2147483647;
			files = (
			);
			runOnlyForDeploymentPostprocessing = 0;
		};
		3A1F00010000000000000054 /* Sources */ = {
			isa = PBXSourcesBuildPhase;
			buildActionMask = 2147483647;
			files = (
			);
			runOnlyForDeploymentPostprocessing = 0;
		};
/* End PBXSourcesBuildPhase section */

/* Begin XCBuildConfiguration section */
		3A1F0001000000000000000E /* Debug */ = {
			isa = XCBuildConfiguration;
			buildSettings = {
				ALWAYS_SEARCH_USER_PATHS = NO;
				ASSETCATALOG_COMPILER_GENERATE_SWIFT_ASSET_SYMBOL_EXTENSIONS = YES;
				CLANG_ANALYZER_NONNULL = YES;
				CLANG_ANALYZER_NUMBER_OBJECT_CONVERSION = YES_AGGRESSIVE;
				CLANG_CXX_LANGUAGE_STANDARD = "gnu++20";
				CLANG_ENABLE_MODULES = YES;
				CLANG_ENABLE_OBJC_ARC = YES;
				CLANG_ENABLE_OBJC_WEAK = YES;
				CLANG_WARN_BLOCK_CAPTURE_AUTORELEASING = YES;
				CLANG_WARN_BOOL_CONVERSION = YES;
				CLANG_WARN_COMMA = YES;
				CLANG_WARN_CONSTANT_CONVERSION = YES;
				CLANG_WARN_DEPRECATED_OBJC_IMPLEMENTATIONS = YES;
				CLANG_WARN_DIRECT_OBJC_ISA_USAGE = YES_ERROR;
				CLANG_WARN_DOCUMENTATION_COMMENTS = YES;
				CLANG_WARN_EMPTY_BODY = YES;
				CLANG_WARN_ENUM_CONVERSION = YES;
				CLANG_WARN_INFINITE_RECURSION = YES;
				CLANG_WARN_INT_CONVERSION = YES;
				CLANG_WARN_NON_LITERAL_NULL_CONVERSION = YES;
				CLANG_WARN_OBJC_IMPLICIT_RETAIN_SELF = YES;
				CLANG_WARN_OBJC_LITERAL_CONVERSION = YES;
				CLANG_WARN_OBJC_ROOT_CLASS = YES_ERROR;
				CLANG_WARN_QUOTED_INCLUDE_IN_FRAMEWORK_HEADER = YES;
				CLANG_WARN_RANGE_LOOP_ANALYSIS = YES;
				CLANG_WARN_STRICT_PROTOTYPES = YES;
				CLANG_WARN_SUSPICIOUS_MOVE = YES;
				CLANG_WARN_UNGUARDED_AVAILABILITY = YES_AGGRESSIVE;
				CLANG_WARN_UNREACHABLE_CODE = YES;
				CLANG_WARN__DUPLICATE_METHOD_MATCH = YES;
				COPY_PHASE_STRIP = NO;
				DEBUG_INFORMATION_FORMAT = dwarf;
				ENABLE_STRICT_OBJC_MSGSEND = YES;
				ENABLE_TESTABILITY = YES;
				ENABLE_USER_SCRIPT_SANDBOXING = YES;
				GCC_C_LANGUAGE_STANDARD = gnu17;
				GCC_DYNAMIC_NO_PIC = NO;
				GCC_NO_COMMON_BLOCKS = YES;
				GCC_OPTIMIZATION_LEVEL = 0;
				GCC_PREPROCESSOR_DEFINITIONS = (
					"DEBUG=1",
					"$(inherited)",
				);
				GCC_WARN_64_TO_32_BIT_CONVERSION = YES;
				GCC_WARN_ABOUT_RETURN_TYPE = YES_ERROR;
				GCC_WARN_UNDECLARED_SELECTOR = YES;
				GCC_WARN_UNINITIALIZED_AUTOS = YES_AGGRESSIVE;
				GCC_WARN_UNUSED_FUNCTION = YES;
				GCC_WARN_UNUSED_VARIABLE = YES;
				IPHONEOS_DEPLOYMENT_TARGET = 16.0;
				LOCALIZATION_PREFERS_STRING_CATALOGS = YES;
				MTL_ENABLE_DEBUG_INFO = INCLUDE_SOURCE;
				MTL_FAST_MATH = YES;
				ONLY_ACTIVE_ARCH = YES;
				SDKROOT = iphoneos;
				SWIFT_ACTIVE_COMPILATION_CONDITIONS = "DEBUG $(inherited)";
				SWIFT_OPTIMIZATION_LEVEL = "-Onone";
			};
			name = Debug;
		};
		3A1F0001000000000000000F /* Release */ = {
			isa = XCBuildConfiguration;
			buildSettings = {
				ALWAYS_SEARCH_USER_PATHS = NO;
				ASSETCATALOG_COMPILER_GENERATE_SWIFT_ASSET_SYMBOL_EXTENSIONS = YES;
				CLANG_ANALYZER_NONNULL = YES;
				CLANG_ANALYZER_NUMBER_OBJECT_CONVERSION = YES_AGGRESSIVE;
				CLANG_CXX_LANGUAGE_STANDARD = "gnu++20";
				CLANG_ENABLE_MODULES = YES;
				CLANG_ENABLE_OBJC_ARC = YES;
				CLANG_ENABLE_OBJC_WEAK = YES;
				CLANG_WARN_BLOCK_CAPTURE_AUTORELEASING = YES;
				CLANG_WARN_BOOL_CONVERSION = YES;
				CLANG_WARN_COMMA = YES;
				CLANG_WARN_CONSTANT_CONVERSION = YES;
				CLANG_WARN_DEPRECATED_OBJC_IMPLEMENTATIONS = YES;
				CLANG_WARN_DIRECT_OBJC_ISA_USAGE = YES_ERROR;
				CLANG_WARN_DOCUMENTATION_COMMENTS = YES;
				CLANG_WARN_EMPTY_BODY = YES;
				CLANG_WARN_ENUM_CONVERSION = YES;
				CLANG_WARN_INFINITE_RECURSION = YES;
				CLANG_WARN_INT_CONVERSION = YES;
				CLANG_WARN_NON_LITERAL_NULL_CONVERSION = YES;
				CLANG_WARN_OBJC_IMPLICIT_RETAIN_SELF = YES;
				CLANG_WARN_OBJC_LITERAL_CONVERSION = YES;
				CLANG_WARN_OBJC_ROOT_CLASS = YES_ERROR;
				CLANG_WARN_QUOTED_INCLUDE_IN_FRAMEWORK_HEADER = YES;
				CLANG_WARN_RANGE_LOOP_ANALYSIS = YES;
				CLANG_WARN_STRICT_PROTOTYPES = YES;
				CLANG_WARN_SUSPICIOUS_MOVE = YES;
				CLANG_WARN_UNGUARDED_AVAILABILITY = YES_AGGRESSIVE;
				CLANG_WARN_UNREACHABLE_CODE = YES;
				CLANG_WARN__DUPLICATE_METHOD_MATCH = YES;
				COPY_PHASE_STRIP = NO;
				DEBUG_INFORMATION_FORMAT = "dwarf-with-dsym";
				ENABLE_NS_ASSERTIONS = NO;
				ENABLE_STRICT_OBJC_MSGSEND = YES;
				ENABLE_USER_SCRIPT_SANDBOXING = YES;
				GCC_C_LANGUAGE_STANDARD = gnu17;
				GCC_NO_COMMON_BLOCKS = YES;
				GCC_WARN_64_TO_32_BIT_CONVERSION = YES;
				GCC_WARN_ABOUT_RETURN_TYPE = YES_ERROR;
				GCC_WARN_UNDECLARED_SELECTOR = YES;
				GCC_WARN_UNINITIALIZED_AUTOS = YES_AGGRESSIVE;
				GCC_WARN_UNUSED_FUNCTION = YES;
				GCC_WARN_UNUSED_VARIABLE = YES;
				IPHONEOS_DEPLOYMENT_TARGET = 16.0;
				LOCALIZATION_PREFERS_STRING_CATALOGS = YES;
				MTL_ENABLE_DEBUG_INFO = NO;
				MTL_FAST_MATH = YES;
				SDKROOT = iphoneos;
				SWIFT_COMPILATION_MODE = wholemodule;
				VALIDATE_PRODUCT = YES;
			};
			name = Release;
		};
		3A1F00010000000000000011 /* Debug */ = {
			isa = XCBuildConfiguration;
			buildSettings = {
				ASSETCATALOG_COMPILER_APPICON_NAME = AppIcon;
				ASSETCATALOG_COMPILER_GLOBAL_ACCENT_COLOR_NAME = AccentColor;
				CODE_SIGN_STYLE = Automatic;
				CURRENT_PROJECT_VERSION = 1;
				ENABLE_PREVIEWS = YES;
				GENERATE_INFOPLIST_FILE = YES;
				INFOPLIST_FILE = SwiftBase/Resources/Info.plist;
				INFOPLIST_KEY_UIApplicationSupportsIndirectInputEvents = YES;
				INFOPLIST_KEY_UISupportedInterfaceOrientations = UIInterfaceOrientationPortrait;
				INFOPLIST_KEY_UISupportedInterfaceOrientations_iPad = "UIInterfaceOrientationLandscapeLeft UIInterfaceOrientationLandscapeRight UIInterfaceOrientationPortrait UIInterfaceOrientationPortraitUpsideDown";
				LD_RUNPATH_SEARCH_PATHS = (
					"$(inherited)",
					"@executable_path/Frameworks",
				);
				MARKETING_VERSION = 1.0.0;
				PRODUCT_BUNDLE_IDENTIFIER = com.vtn.SwiftBase;
				PRODUCT_NAME = "$(TARGET_NAME)";
				SWIFT_EMIT_LOC_STRINGS = YES;
				SWIFT_VERSION = 5.0;
				TARGETED_DEVICE_FAMILY = "1,2";
			};
			name = Debug;
		};
		3A1F00010000000000000012 /* Release */ = {
			isa = XCBuildConfiguration;
			buildSettings = {
				ASSETCATALOG_COMPILER_APPICON_NAME = AppIcon;
				ASSETCATALOG_COMPILER_GLOBAL_ACCENT_COLOR_NAME = AccentColor;
				CODE_SIGN_STYLE = Automatic;
				CURRENT_PROJECT_VERSION = 1;
				ENABLE_PREVIEWS = YES;
				GENERATE_INFOPLIST_FILE = YES;
				INFOPLIST_FILE = SwiftBase/Resources/Info.plist;
				INFOPLIST_KEY_UIApplicationSupportsIndirectInputEvents = YES;
				INFOPLIST_KEY_UISupportedInterfaceOrientations = UIInterfaceOrientationPortrait;
				INFOPLIST_KEY_UISupportedInterfaceOrientations_iPad = "UIInterfaceOrientationLandscapeLeft UIInterfaceOrientationLandscapeRight UIInterfaceOrientationPortrait UIInterfaceOrientationPortraitUpsideDown";
				LD_RUNPATH_SEARCH_PATHS = (
					"$(inherited)",
					"@executable_path/Frameworks",
				);
				MARKETING_VERSION = 1.0.0;
				PRODUCT_BUNDLE_IDENTIFIER = com.vtn.SwiftBase;
				PRODUCT_NAME = "$(TARGET_NAME)";
				SWIFT_EMIT_LOC_STRINGS = YES;
				SWIFT_VERSION = 5.0;
				TARGETED_DEVICE_FAMILY = "1,2";
			};
			name = Release;
		};
		3A1F00010000000000000052 /* Debug */ = {
			isa = XCBuildConfiguration;
			buildSettings = {
				ASSETCATALOG_COMPILER_APPICON_NAME = AppIcon;
				ASSETCATALOG_COMPILER_GLOBAL_ACCENT_COLOR_NAME = AccentColor;
				CODE_SIGN_STYLE = Automatic;
				CURRENT_PROJECT_VERSION = 1;
				ENABLE_PREVIEWS = YES;
				GENERATE_INFOPLIST_FILE = YES;
				INFOPLIST_FILE = SwiftBase/Resources/Info.plist;
				INFOPLIST_KEY_CFBundleDisplayName = "SwiftBase Dev";
				INFOPLIST_KEY_UIApplicationSupportsIndirectInputEvents = YES;
				INFOPLIST_KEY_UISupportedInterfaceOrientations = UIInterfaceOrientationPortrait;
				INFOPLIST_KEY_UISupportedInterfaceOrientations_iPad = "UIInterfaceOrientationLandscapeLeft UIInterfaceOrientationLandscapeRight UIInterfaceOrientationPortrait UIInterfaceOrientationPortraitUpsideDown";
				LD_RUNPATH_SEARCH_PATHS = (
					"$(inherited)",
					"@executable_path/Frameworks",
				);
				MARKETING_VERSION = 1.0.0;
				PRODUCT_BUNDLE_IDENTIFIER = com.vtn.SwiftBase.dev;
				PRODUCT_NAME = "$(TARGET_NAME)";
				SWIFT_ACTIVE_COMPILATION_CONDITIONS = "$(inherited) DEV";
				SWIFT_EMIT_LOC_STRINGS = YES;
				SWIFT_VERSION = 5.0;
				TARGETED_DEVICE_FAMILY = "1,2";
			};
			name = Debug;
		};
		3A1F00010000000000000053 /* Release */ = {
			isa = XCBuildConfiguration;
			buildSettings = {
				ASSETCATALOG_COMPILER_APPICON_NAME = AppIcon;
				ASSETCATALOG_COMPILER_GLOBAL_ACCENT_COLOR_NAME = AccentColor;
				CODE_SIGN_STYLE = Automatic;
				CURRENT_PROJECT_VERSION = 1;
				ENABLE_PREVIEWS = YES;
				GENERATE_INFOPLIST_FILE = YES;
				INFOPLIST_FILE = SwiftBase/Resources/Info.plist;
				INFOPLIST_KEY_CFBundleDisplayName = "SwiftBase Dev";
				INFOPLIST_KEY_UIApplicationSupportsIndirectInputEvents = YES;
				INFOPLIST_KEY_UISupportedInterfaceOrientations = UIInterfaceOrientationPortrait;
				INFOPLIST_KEY_UISupportedInterfaceOrientations_iPad = "UIInterfaceOrientationLandscapeLeft UIInterfaceOrientationLandscapeRight UIInterfaceOrientationPortrait UIInterfaceOrientationPortraitUpsideDown";
				LD_RUNPATH_SEARCH_PATHS = (
					"$(inherited)",
					"@executable_path/Frameworks",
				);
				MARKETING_VERSION = 1.0.0;
				PRODUCT_BUNDLE_IDENTIFIER = com.vtn.SwiftBase.dev;
				PRODUCT_NAME = "$(TARGET_NAME)";
				SWIFT_ACTIVE_COMPILATION_CONDITIONS = "$(inherited) DEV";
				SWIFT_EMIT_LOC_STRINGS = YES;
				SWIFT_VERSION = 5.0;
				TARGETED_DEVICE_FAMILY = "1,2";
			};
			name = Release;
		};
/* End XCBuildConfiguration section */

/* Begin XCConfigurationList section */
		3A1F00010000000000000009 /* Build configuration list for PBXNativeTarget "SwiftBase" */ = {
			isa = XCConfigurationList;
			buildConfigurations = (
				3A1F00010000000000000011 /* Debug */,
				3A1F00010000000000000012 /* Release */,
			);
			defaultConfigurationIsVisible = 0;
			defaultConfigurationName = Release;
		};
		3A1F0001000000000000000D /* Build configuration list for PBXProject "SwiftBase" */ = {
			isa = XCConfigurationList;
			buildConfigurations = (
				3A1F0001000000000000000E /* Debug */,
				3A1F0001000000000000000F /* Release */,
			);
			defaultConfigurationIsVisible = 0;
			defaultConfigurationName = Release;
		};
		3A1F00010000000000000051 /* Build configuration list for PBXNativeTarget "SwiftBase-dev" */ = {
			isa = XCConfigurationList;
			buildConfigurations = (
				3A1F00010000000000000052 /* Debug */,
				3A1F00010000000000000053 /* Release */,
			);
			defaultConfigurationIsVisible = 0;
			defaultConfigurationName = Release;
		};
/* End XCConfigurationList section */

/* Begin XCRemoteSwiftPackageReference section */
		3A1F00010000000000000020 /* XCRemoteSwiftPackageReference "Factory" */ = {
			isa = XCRemoteSwiftPackageReference;
			repositoryURL = "https://github.com/hmlongco/Factory.git";
			requirement = {
				kind = upToNextMajorVersion;
				minimumVersion = 2.5.3;
			};
		};
		5F02775D2FE3EC5A00CFAE5F /* XCRemoteSwiftPackageReference "facebook-ios-sdk" */ = {
			isa = XCRemoteSwiftPackageReference;
			repositoryURL = "https://github.com/facebook/facebook-ios-sdk";
			requirement = {
				branch = main;
				kind = branch;
			};
		};
		5F0277602FE3EC9900CFAE5F /* XCRemoteSwiftPackageReference "ads-swift" */ = {
			isa = XCRemoteSwiftPackageReference;
			repositoryURL = "https://DucManh98@bitbucket.org/innofyapp/ads-swift.git";
			requirement = {
				branch = feature/update_meta;
				kind = branch;
			};
		};
		5F02779C2FE3EE3100CFAE5F /* XCRemoteSwiftPackageReference "firebase-ios-sdk" */ = {
			isa = XCRemoteSwiftPackageReference;
			repositoryURL = "https://github.com/firebase/firebase-ios-sdk.git";
			requirement = {
				kind = upToNextMajorVersion;
				minimumVersion = 12.15.0;
			};
		};
		5F0277B42FE3F03A00CFAE5F /* XCRemoteSwiftPackageReference "ios_sdk" */ = {
			isa = XCRemoteSwiftPackageReference;
			repositoryURL = "https://github.com/adjust/ios_sdk.git";
			requirement = {
				branch = master;
				kind = branch;
			};
		};
/* End XCRemoteSwiftPackageReference section */

/* Begin XCSwiftPackageProductDependency section */
		3A1F00010000000000000021 /* Factory */ = {
			isa = XCSwiftPackageProductDependency;
			package = 3A1F00010000000000000020 /* XCRemoteSwiftPackageReference "Factory" */;
			productName = Factory;
		};
		3A1F00010000000000000059 /* Factory */ = {
			isa = XCSwiftPackageProductDependency;
			package = 3A1F00010000000000000020 /* XCRemoteSwiftPackageReference "Factory" */;
			productName = Factory;
		};
		5F02775E2FE3EC5A00CFAE5F /* FacebookCore */ = {
			isa = XCSwiftPackageProductDependency;
			package = 5F02775D2FE3EC5A00CFAE5F /* XCRemoteSwiftPackageReference "facebook-ios-sdk" */;
			productName = FacebookCore;
		};
		5F02779E2FE3EF0000CFAE5F /* ads-swift */ = {
			isa = XCSwiftPackageProductDependency;
			package = 5F0277602FE3EC9900CFAE5F /* XCRemoteSwiftPackageReference "ads-swift" */;
			productName = "ads-swift";
		};
		5F0277A02FE3EF0500CFAE5F /* FirebaseAnalytics */ = {
			isa = XCSwiftPackageProductDependency;
			package = 5F02779C2FE3EE3100CFAE5F /* XCRemoteSwiftPackageReference "firebase-ios-sdk" */;
			productName = FirebaseAnalytics;
		};
		5F0277A22FE3EF0E00CFAE5F /* FirebaseCrashlytics */ = {
			isa = XCSwiftPackageProductDependency;
			package = 5F02779C2FE3EE3100CFAE5F /* XCRemoteSwiftPackageReference "firebase-ios-sdk" */;
			productName = FirebaseCrashlytics;
		};
		5F0277A42FE3EF1C00CFAE5F /* FirebaseRemoteConfig */ = {
			isa = XCSwiftPackageProductDependency;
			package = 5F02779C2FE3EE3100CFAE5F /* XCRemoteSwiftPackageReference "firebase-ios-sdk" */;
			productName = FirebaseRemoteConfig;
		};
		5F0277A62FE3EF3700CFAE5F /* ads-swift */ = {
			isa = XCSwiftPackageProductDependency;
			package = 5F0277602FE3EC9900CFAE5F /* XCRemoteSwiftPackageReference "ads-swift" */;
			productName = "ads-swift";
		};
		5F0277A82FE3EF3C00CFAE5F /* FacebookCore */ = {
			isa = XCSwiftPackageProductDependency;
			package = 5F02775D2FE3EC5A00CFAE5F /* XCRemoteSwiftPackageReference "facebook-ios-sdk" */;
			productName = FacebookCore;
		};
		5F0277AA2FE3EF4200CFAE5F /* FirebaseAnalytics */ = {
			isa = XCSwiftPackageProductDependency;
			package = 5F02779C2FE3EE3100CFAE5F /* XCRemoteSwiftPackageReference "firebase-ios-sdk" */;
			productName = FirebaseAnalytics;
		};
		5F0277AC2FE3EF6E00CFAE5F /* FirebaseCrashlytics */ = {
			isa = XCSwiftPackageProductDependency;
			package = 5F02779C2FE3EE3100CFAE5F /* XCRemoteSwiftPackageReference "firebase-ios-sdk" */;
			productName = FirebaseCrashlytics;
		};
		5F0277AE2FE3EF7300CFAE5F /* FirebaseRemoteConfig */ = {
			isa = XCSwiftPackageProductDependency;
			package = 5F02779C2FE3EE3100CFAE5F /* XCRemoteSwiftPackageReference "firebase-ios-sdk" */;
			productName = FirebaseRemoteConfig;
		};
		5F0277B02FE3EFC200CFAE5F /* FirebaseCore */ = {
			isa = XCSwiftPackageProductDependency;
			package = 5F02779C2FE3EE3100CFAE5F /* XCRemoteSwiftPackageReference "firebase-ios-sdk" */;
			productName = FirebaseCore;
		};
		5F0277B22FE3EFCF00CFAE5F /* FirebaseCore */ = {
			isa = XCSwiftPackageProductDependency;
			package = 5F02779C2FE3EE3100CFAE5F /* XCRemoteSwiftPackageReference "firebase-ios-sdk" */;
			productName = FirebaseCore;
		};
		5F0277B52FE3F03A00CFAE5F /* AdjustSdk */ = {
			isa = XCSwiftPackageProductDependency;
			package = 5F0277B42FE3F03A00CFAE5F /* XCRemoteSwiftPackageReference "ios_sdk" */;
			productName = AdjustSdk;
		};
		5F0277B72FE3F05100CFAE5F /* AdjustSdk */ = {
			isa = XCSwiftPackageProductDependency;
			package = 5F0277B42FE3F03A00CFAE5F /* XCRemoteSwiftPackageReference "ios_sdk" */;
			productName = AdjustSdk;
		};
/* End XCSwiftPackageProductDependency section */
	};
	rootObject = 3A1F0001000000000000000C /* Project object */;
}
